<?xml version="1.0" encoding="utf-8"?>
<Project ToolsVersion="4.0" xmlns="http://schemas.microsoft.com/developer/msbuild/2003">
  <ItemGroup>
    <Filter Include="Source Files">
      <UniqueIdentifier>{4FC737F1-C7A5-4376-A066-2A32D752A2FF}</UniqueIdentifier>
      <Extensions>cpp;c;cc;cxx;c++;cppm;ixx;def;odl;idl;hpj;bat;asm;asmx</Extensions>
    </Filter>
    <Filter Include="Source Files\Window">
      <UniqueIdentifier>{440f9c89-697a-4d53-82ee-d56b81e665fb}</UniqueIdentifier>
    </Filter>
    <Filter Include="Source Files\Objects">
      <UniqueIdentifier>{a363aac8-a423-4c0d-b559-12ddc1bfde48}</UniqueIdentifier>
    </Filter>
  </ItemGroup>
  <ItemGroup>
    <ClCompile Include="src\Main.cpp">
      <Filter>Source Files</Filter>
    </ClCompile>
    <ClCompile Include="src\Window\PlayGame.cpp">
      <Filter>Source Files\Window</Filter>
    </ClCompile>
    <ClCompile Include="src\Objects\Ball.cpp">
      <Filter>Source Files\Objects</Filter>
    </ClCompile>
    <ClCompile Include="src\Utils.cpp">
      <Filter>Source Files</Filter>
    </ClCompile>
    <ClCompile Include="src\Window\InputManager.cpp">
      <Filter>Source Files\Window</Filter>
    </ClCompile>
    <ClCompile Include="src\Window\CollisionManager.cpp">
      <Filter>Source Files\Window</Filter>
    </ClCompile>
    <ClCompile Include="src\Objects\Table.cpp">
      <Filter>Source Files\Objects</Filter>
    </ClCompile>
  </ItemGroup>
  <ItemGroup>
    <ClInclude Include="src\Window\PlayGame.h">
      <Filter>Source Files\Window</Filter>
    </ClInclude>
    <ClInclude Include="src\Objects\Ball.h">
      <Filter>Source Files\Objects</Filter>
    </ClInclude>
    <ClInclude Include="src\Utils.h">
      <Filter>Source Files</Filter>
    </ClInclude>
    <ClInclude Include="src\Window\InputManager.h">
      <Filter>Source Files\Window</Filter>
    </ClInclude>
    <ClInclude Include="src\Window\CollisionManager.h">
      <Filter>Source Files\Window</Filter>
    </ClInclude>
    <ClInclude Include="src\Objects\Table.h">
      <Filter>Source Files\Objects</Filter>
    </ClInclude>
  </ItemGroup>
</Project>