<?xml version="1.0" encoding="utf-8"?>
<Project ToolsVersion="4.0" xmlns="http://schemas.microsoft.com/developer/msbuild/2003">
  <ItemGroup>
    <Filter Include="Source Files">
      <UniqueIdentifier>{4FC737F1-C7A5-4376-A066-2A32D752A2FF}</UniqueIdentifier>
      <Extensions>cpp;c;cc;cxx;c++;cppm;ixx;def;odl;idl;hpj;bat;asm;asmx</Extensions>
    </Filter>
    <Filter Include="Source Files\Pool">
      <UniqueIdentifier>{35ce4910-0b82-46b7-ae99-28b786498333}</UniqueIdentifier>
    </Filter>
  </ItemGroup>
  <ItemGroup>
    <ClCompile Include="src\main.cpp">
      <Filter>Source Files</Filter>
    </ClCompile>
    <ClCompile Include="src\game.cpp">
      <Filter>Source Files\Pool</Filter>
    </ClCompile>
  </ItemGroup>
  <ItemGroup>
    <ClInclude Include="src\ball.h">
      <Filter>Source Files\Pool</Filter>
    </ClInclude>
    <ClInclude Include="src\game.h">
      <Filter>Source Files\Pool</Filter>
    </ClInclude>
    <ClInclude Include="src\collisionManager.h">
      <Filter>Source Files\Pool</Filter>
    </ClInclude>
  </ItemGroup>
</Project>